{
  "nodes": {
    "custom-packages": {
      "inputs": {
        "nix-vscode-extensions": "nix-vscode-extensions",
        "nixpkgs": [
          "nixpkgs"
        ],
        "opencode-flake": "opencode-flake",
        "typescript-go": "typescript-go"
      },
      "locked": {
        "path": "./custom-packages",
        "type": "path"
      },
      "original": {
        "path": "./custom-packages",
        "type": "path"
      },
      "parent": []
    },
    "home-manager": {
      "inputs": {
        "nixpkgs": [
          "nixpkgs"
        ]
      },
      "locked": {
        "lastModified": 1766553861,
        "narHash": "sha256-ZbnG01yA3O8Yr1vUm3+NQ2qk9iRhS5bloAnuXHHy7+c=",
        "owner": "nix-community",
        "repo": "home-manager",
        "rev": "0999ed8f965bbbd991437ad9c5ed3434cecbc30e",
        "type": "github"
      },
      "original": {
        "owner": "nix-community",
        "ref": "release-25.11",
        "repo": "home-manager",
        "type": "github"
      }
    },
    "nix-vscode-extensions": {
      "inputs": {
        "nixpkgs": [
          "custom-packages",
          "nixpkgs"
        ]
      },
      "locked": {
        "lastModified": 1766888861,
        "narHash": "sha256-BA+gbbAFYY+z0WvIWu8nwOZYzHuzHbnnIH+R6vjSanI=",
        "owner": "nix-community",
        "repo": "nix-vscode-extensions",
        "rev": "2b8957cca4532b30e06c1cbd0386ec4fbf3b16fa",
        "type": "github"
      },
      "original": {
        "owner": "nix-community",
        "repo": "nix-vscode-extensions",
        "type": "github"
      }
    },
    "nixpkgs": {
      "locked": {
        "lastModified": 1756288264,
        "narHash": "sha256-Om8adB1lfkU7D33VpR+/haZ2gI5r3Q+ZbIPzE5sYnwE=",
        "owner": "NixOS",
        "repo": "nixpkgs",
        "rev": "ddd1826f294a0ee5fdc198ab72c8306a0ea73aa9",
        "type": "github"
      },
      "original": {
        "owner": "NixOS",
        "ref": "nixpkgs-unstable",
        "repo": "nixpkgs",
        "type": "github"
      }
    },
    "nixpkgs_2": {
      "locked": {
        "lastModified": 1766473571,
        "narHash": "sha256-5G1NDO2PulBx1RoaA6U1YoUDX0qZslpPxv+n5GX6Qto=",
        "owner": "NixOS",
        "repo": "nixpkgs",
        "rev": "76701a179d3a98b07653e2b0409847499b2a07d3",
        "type": "github"
      },
      "original": {
        "owner": "NixOS",
        "ref": "nixos-25.11",
        "repo": "nixpkgs",
        "type": "github"
      }
    },
    "opencode-flake": {
      "inputs": {
        "nixpkgs": "nixpkgs"
      },
      "locked": {
        "lastModified": 1766754166,
        "narHash": "sha256-anLh9N8KLqssOMd+xooagd/kLhoU4BChMfEToWmntCg=",
        "owner": "aodhanhayter",
        "repo": "opencode-flake",
        "rev": "57574d4c2d550b24487cb810e2cfcb7c259b0357",
        "type": "github"
      },
      "original": {
        "owner": "aodhanhayter",
        "repo": "opencode-flake",
        "type": "github"
      }
    },
    "root": {
      "inputs": {
        "custom-packages": "custom-packages",
        "home-manager": "home-manager",
        "nixpkgs": "nixpkgs_2"
      }
    },
    "typescript-go": {
      "flake": false,
      "locked": {
        "lastModified": 1766165038,
        "narHash": "sha256-W6EIyS/EpqkN45vK30qrS7dc2zMUsjkrDGzMJ4eHADE=",
        "owner": "microsoft",
        "repo": "typescript-go",
        "rev": "d9178cc1fef3cedc3c1a48a652e63dd83310ea20",
        "type": "github"
      },
      "original": {
        "owner": "microsoft",
        "repo": "typescript-go",
        "type": "github"
      }
    }
  },
  "root": "root",
  "version": 7
}
